{
  "name": "butane",
  "lockfileVersion": 3,
  "requires": true,
  "packages": {
    "": {
      "dependencies": {
        "@devcontainers/cli": "^0.88.0",
        "jsonc-parser": "^3.2.1"
      }
    },
    "node_modules/@devcontainers/cli": {
      "version": "0.88.0",
      "resolved": "https://registry.npmjs.org/@devcontainers/cli/-/cli-0.88.0.tgz",
      "integrity": "sha512-sMkruPy/icfov20mdQh2EjFYZogxvMEZptDEvg5/eMBIUOr2xr+8wlsI7nvDR6EJxoBjqoasXqgRGbiMqbaJ1w==",
      "license": "MIT",
      "bin": {
        "devcontainer": "devcontainer.js"
      },
      "engines": {
        "node": ">=20.0.0"
      }
    },
    "node_modules/jsonc-parser": {
      "version": "3.2.1",
      "resolved": "https://registry.npmjs.org/jsonc-parser/-/jsonc-parser-3.2.1.tgz",
      "integrity": "sha512-AilxAyFOAcK5wA1+LeaySVBrHsGQvUFCDWXKpZjzaL0PqW+xfBOttn8GNtWKFWqneyMZj41MWF9Kl6iPWLwgOA=="
    }
  }
}
